
Microsoft Visual Studio Solution File, Format Version 12.00
# Visual Studio Version 17
VisualStudioVersion = 17.13.35931.197 d17.13
MinimumVisualStudioVersion = 10.0.40219.1
Project("{FAE04EC0-301F-11D3-BF4B-00C04F79EFBC}") = "lab12", "lab12\lab12.csproj", "{58C0681D-5A57-40C2-A3DD-55E9185A6591}"
EndProject
Global
	GlobalSection(SolutionConfigurationPlatforms) = preSolution
		Debug|Any CPU = Debug|Any CPU
		Release|Any CPU = Release|Any CPU
	EndGlobalSection
	GlobalSection(ProjectConfigurationPlatforms) = postSolution
		{58C0681D-5A57-40C2-A3DD-55E9185A6591}.Debug|Any CPU.ActiveCfg = Debug|Any CPU
		{58C0681D-5A57-40C2-A3DD-55E9185A6591}.Debug|Any CPU.Build.0 = Debug|Any CPU
		{58C0681D-5A57-40C2-A3DD-55E9185A6591}.Release|Any CPU.ActiveCfg = Release|Any CPU
		{58C0681D-5A57-40C2-A3DD-55E9185A6591}.Release|Any CPU.Build.0 = Release|Any CPU
	EndGlobalSection
	GlobalSection(SolutionProperties) = preSolution
		HideSolutionNode = FALSE
	EndGlobalSection
	GlobalSection(ExtensibilityGlobals) = postSolution
		SolutionGuid = {F28244EE-EAB6-4C8C-8644-9E2B5ED8079D}
	EndGlobalSection
EndGlobal
