
Microsoft Visual Studio Solution File, Format Version 12.00
# Visual Studio Version 17
VisualStudioVersion = 17.13.35931.197 d17.13
MinimumVisualStudioVersion = 10.0.40219.1
Project("{FAE04EC0-301F-11D3-BF4B-00C04F79EFBC}") = "lab10(1)", "lab10(1)\lab10(1).csproj", "{8F4CEE1C-0AB2-450A-BC9D-DFFBF44FCB4D}"
EndProject
Global
	GlobalSection(SolutionConfigurationPlatforms) = preSolution
		Debug|Any CPU = Debug|Any CPU
		Release|Any CPU = Release|Any CPU
	EndGlobalSection
	GlobalSection(ProjectConfigurationPlatforms) = postSolution
		{8F4CEE1C-0AB2-450A-BC9D-DFFBF44FCB4D}.Debug|Any CPU.ActiveCfg = Debug|Any CPU
		{8F4CEE1C-0AB2-450A-BC9D-DFFBF44FCB4D}.Debug|Any CPU.Build.0 = Debug|Any CPU
		{8F4CEE1C-0AB2-450A-BC9D-DFFBF44FCB4D}.Release|Any CPU.ActiveCfg = Release|Any CPU
		{8F4CEE1C-0AB2-450A-BC9D-DFFBF44FCB4D}.Release|Any CPU.Build.0 = Release|Any CPU
	EndGlobalSection
	GlobalSection(SolutionProperties) = preSolution
		HideSolutionNode = FALSE
	EndGlobalSection
	GlobalSection(ExtensibilityGlobals) = postSolution
		SolutionGuid = {EC5FC343-0ED1-4073-98A5-C9C57CFFCBF1}
	EndGlobalSection
EndGlobal
